
Microsoft Visual Studio Solution File, Format Version 12.00
# Visual Studio Version 17
VisualStudioVersion = 17.2.32630.192
MinimumVisualStudioVersion = 10.0.40219.1
Project("{FAE04EC0-301F-11D3-BF4B-00C04F79EFBC}") = "Fiap.Web.AspNet3", "Fiap.Web.AspNet3\Fiap.Web.AspNet3.csproj", "{B7779A50-85E0-4504-AD4F-15B39D7EB348}"
EndProject
Global
	GlobalSection(SolutionConfigurationPlatforms) = preSolution
		Debug|Any CPU = Debug|Any CPU
		Release|Any CPU = Release|Any CPU
	EndGlobalSection
	GlobalSection(ProjectConfigurationPlatforms) = postSolution
		{B7779A50-85E0-4504-AD4F-15B39D7EB348}.Debug|Any CPU.ActiveCfg = Debug|Any CPU
		{B7779A50-85E0-4504-AD4F-15B39D7EB348}.Debug|Any CPU.Build.0 = Debug|Any CPU
		{B7779A50-85E0-4504-AD4F-15B39D7EB348}.Release|Any CPU.ActiveCfg = Release|Any CPU
		{B7779A50-85E0-4504-AD4F-15B39D7EB348}.Release|Any CPU.Build.0 = Release|Any CPU
	EndGlobalSection
	GlobalSection(SolutionProperties) = preSolution
		HideSolutionNode = FALSE
	EndGlobalSection
	GlobalSection(ExtensibilityGlobals) = postSolution
		SolutionGuid = {63A090D0-9188-4082-8F3C-50BA64A008D0}
	EndGlobalSection
EndGlobal
